Microsoft Visual Studio Solution File, Format Version 12.00
# Visual Studio Version 17
VisualStudioVersion = 17.5.2.0
MinimumVisualStudioVersion = 10.0.40219.1
Project("{FAE04EC0-301F-11D3-BF4B-00C04F79EFBC}") = "CMSCollaboration", "backend\CMSCollaboration.csproj", "{5285BA2A-EECF-764E-E090-66F861A729BC}"
EndProject
Global
	GlobalSection(SolutionConfigurationPlatforms) = preSolution
		Debug|Any CPU = Debug|Any CPU
		Release|Any CPU = Release|Any CPU
	EndGlobalSection
	GlobalSection(ProjectConfigurationPlatforms) = postSolution
		{5285BA2A-EECF-764E-E090-66F861A729BC}.Debug|Any CPU.ActiveCfg = Debug|Any CPU
		{5285BA2A-EECF-764E-E090-66F861A729BC}.Debug|Any CPU.Build.0 = Debug|Any CPU
		{5285BA2A-EECF-764E-E090-66F861A729BC}.Release|Any CPU.ActiveCfg = Release|Any CPU
		{5285BA2A-EECF-764E-E090-66F861A729BC}.Release|Any CPU.Build.0 = Release|Any CPU
	EndGlobalSection
	GlobalSection(SolutionProperties) = preSolution
		HideSolutionNode = FALSE
	EndGlobalSection
	GlobalSection(ExtensibilityGlobals) = postSolution
		SolutionGuid = {3C258F80-D434-4A1B-AA50-693241B19A2F}
	EndGlobalSection
EndGlobal
